
Microsoft Visual Studio Solution File, Format Version 12.00
# Visual Studio 14
VisualStudioVersion = 14.0.24720.0
MinimumVisualStudioVersion = 10.0.40219.1
Project("{FAE04EC0-301F-11D3-BF4B-00C04F79EFBC}") = "WebSite_Semana07", "WebSite_Semana07\WebSite_Semana07.csproj", "{36872EAF-F97A-42EE-B59E-3D2008F03B6D}"
EndProject
Project("{2150E333-8FDC-42A3-9474-1A3956D46DE8}") = "Dominio", "Dominio", "{8D1EBAA7-865E-420B-80C1-4B3F3319D4EC}"
EndProject
Project("{2150E333-8FDC-42A3-9474-1A3956D46DE8}") = "Entidades", "Entidades", "{038B86C6-91BC-4FBD-AC81-D8FFEE6019F4}"
EndProject
Project("{2150E333-8FDC-42A3-9474-1A3956D46DE8}") = "Repositorio", "Repositorio", "{2943C251-E1F2-4E03-A8F0-AD1370D52BBF}"
EndProject
Project("{2150E333-8FDC-42A3-9474-1A3956D46DE8}") = "Infraestructura", "Infraestructura", "{684C7E01-FB1E-4855-8B73-8A318FA947AB}"
EndProject
Project("{2150E333-8FDC-42A3-9474-1A3956D46DE8}") = "Data", "Data", "{B69A6ED3-A720-45E6-969A-6EA85802F3BD}"
EndProject
Project("{2150E333-8FDC-42A3-9474-1A3956D46DE8}") = "Presentacion", "Presentacion", "{BA553B3E-82C4-4FE6-AB1E-A626E394F79F}"
EndProject
Project("{2150E333-8FDC-42A3-9474-1A3956D46DE8}") = "Web", "Web", "{72DADC9D-3008-45C3-934F-6FAC13CF6FD3}"
EndProject
Project("{FAE04EC0-301F-11D3-BF4B-00C04F79EFBC}") = "Dominio.Entidades", "Dominio.Entidades\Dominio.Entidades.csproj", "{01BA5CE3-7B08-46E2-B2F4-BD72A596172B}"
EndProject
Project("{FAE04EC0-301F-11D3-BF4B-00C04F79EFBC}") = "Dominio.Repositorio", "Dominio.Repositorio\Dominio.Repositorio.csproj", "{341A9394-5256-4E2C-B2EE-35599810936F}"
EndProject
Project("{FAE04EC0-301F-11D3-BF4B-00C04F79EFBC}") = "Infraestuctura.Data", "Infraestuctura.Data\Infraestuctura.Data.csproj", "{E5A9B521-1245-4161-89CE-B0892825E0F7}"
EndProject
Global
	GlobalSection(SolutionConfigurationPlatforms) = preSolution
		Debug|Any CPU = Debug|Any CPU
		Release|Any CPU = Release|Any CPU
	EndGlobalSection
	GlobalSection(ProjectConfigurationPlatforms) = postSolution
		{36872EAF-F97A-42EE-B59E-3D2008F03B6D}.Debug|Any CPU.ActiveCfg = Debug|Any CPU
		{36872EAF-F97A-42EE-B59E-3D2008F03B6D}.Debug|Any CPU.Build.0 = Debug|Any CPU
		{36872EAF-F97A-42EE-B59E-3D2008F03B6D}.Release|Any CPU.ActiveCfg = Release|Any CPU
		{36872EAF-F97A-42EE-B59E-3D2008F03B6D}.Release|Any CPU.Build.0 = Release|Any CPU
		{01BA5CE3-7B08-46E2-B2F4-BD72A596172B}.Debug|Any CPU.ActiveCfg = Debug|Any CPU
		{01BA5CE3-7B08-46E2-B2F4-BD72A596172B}.Debug|Any CPU.Build.0 = Debug|Any CPU
		{01BA5CE3-7B08-46E2-B2F4-BD72A596172B}.Release|Any CPU.ActiveCfg = Release|Any CPU
		{01BA5CE3-7B08-46E2-B2F4-BD72A596172B}.Release|Any CPU.Build.0 = Release|Any CPU
		{341A9394-5256-4E2C-B2EE-35599810936F}.Debug|Any CPU.ActiveCfg = Debug|Any CPU
		{341A9394-5256-4E2C-B2EE-35599810936F}.Debug|Any CPU.Build.0 = Debug|Any CPU
		{341A9394-5256-4E2C-B2EE-35599810936F}.Release|Any CPU.ActiveCfg = Release|Any CPU
		{341A9394-5256-4E2C-B2EE-35599810936F}.Release|Any CPU.Build.0 = Release|Any CPU
		{E5A9B521-1245-4161-89CE-B0892825E0F7}.Debug|Any CPU.ActiveCfg = Debug|Any CPU
		{E5A9B521-1245-4161-89CE-B0892825E0F7}.Debug|Any CPU.Build.0 = Debug|Any CPU
		{E5A9B521-1245-4161-89CE-B0892825E0F7}.Release|Any CPU.ActiveCfg = Release|Any CPU
		{E5A9B521-1245-4161-89CE-B0892825E0F7}.Release|Any CPU.Build.0 = Release|Any CPU
	EndGlobalSection
	GlobalSection(SolutionProperties) = preSolution
		HideSolutionNode = FALSE
	EndGlobalSection
	GlobalSection(NestedProjects) = preSolution
		{36872EAF-F97A-42EE-B59E-3D2008F03B6D} = {72DADC9D-3008-45C3-934F-6FAC13CF6FD3}
		{038B86C6-91BC-4FBD-AC81-D8FFEE6019F4} = {8D1EBAA7-865E-420B-80C1-4B3F3319D4EC}
		{2943C251-E1F2-4E03-A8F0-AD1370D52BBF} = {8D1EBAA7-865E-420B-80C1-4B3F3319D4EC}
		{B69A6ED3-A720-45E6-969A-6EA85802F3BD} = {684C7E01-FB1E-4855-8B73-8A318FA947AB}
		{72DADC9D-3008-45C3-934F-6FAC13CF6FD3} = {BA553B3E-82C4-4FE6-AB1E-A626E394F79F}
		{01BA5CE3-7B08-46E2-B2F4-BD72A596172B} = {038B86C6-91BC-4FBD-AC81-D8FFEE6019F4}
		{341A9394-5256-4E2C-B2EE-35599810936F} = {2943C251-E1F2-4E03-A8F0-AD1370D52BBF}
		{E5A9B521-1245-4161-89CE-B0892825E0F7} = {B69A6ED3-A720-45E6-969A-6EA85802F3BD}
	EndGlobalSection
EndGlobal
